{
  "version": "5",
  "specifiers": {
    "npm:@deno/vite-plugin@^1.0.5": "1.0.5_vite@7.1.3__picomatch@4.0.3",
    "npm:@sveltejs/adapter-static@^3.0.9": "3.0.9_@sveltejs+kit@2.36.1__@sveltejs+vite-plugin-svelte@6.1.3___svelte@5.38.2____acorn@8.15.0___vite@7.1.3____picomatch@4.0.3__svelte@5.38.2___acorn@8.15.0__vite@7.1.3___picomatch@4.0.3__acorn@8.15.0_@sveltejs+vite-plugin-svelte@6.1.3__svelte@5.38.2___acorn@8.15.0__vite@7.1.3___picomatch@4.0.3_svelte@5.38.2__acorn@8.15.0_vite@7.1.3__picomatch@4.0.3",
    "npm:@sveltejs/kit@^2.36.1": "2.36.1_@sveltejs+vite-plugin-svelte@6.1.3__svelte@5.38.2___acorn@8.15.0__vite@7.1.3___picomatch@4.0.3_svelte@5.38.2__acorn@8.15.0_vite@7.1.3__picomatch@4.0.3_acorn@8.15.0",
    "npm:@sveltejs/vite-plugin-svelte@^6.1.3": "6.1.3_svelte@5.38.2__acorn@8.15.0_vite@7.1.3__picomatch@4.0.3",
    "npm:@tauri-apps/api@^2.8.0": "2.8.0",
    "npm:@tauri-apps/cli@2.8.1": "2.8.1",
    "npm:@tauri-apps/cli@^2.8.1": "2.8.1",
    "npm:@tauri-apps/plugin-opener@^2.5.0": "2.5.0",
    "npm:smol-toml@^1.4.2": "1.4.2",
    "npm:svelte-check@^4.3.1": "4.3.1_svelte@5.38.2__acorn@8.15.0_typescript@5.9.2",
    "npm:svelte-monaco@^1.0.4": "1.0.4_monaco-editor@0.52.2_svelte@5.38.2__acorn@8.15.0",
    "npm:svelte@^5.38.2": "5.38.2_acorn@8.15.0",
    "npm:typescript@^5.9.2": "5.9.2",
    "npm:vite@7.1.3": "7.1.3_picomatch@4.0.3",
    "npm:vite@^7.1.3": "7.1.3_picomatch@4.0.3",
    "npm:zod@^4.0.17": "4.0.17"
  },
  "npm": {
    "@deno/vite-plugin@1.0.5_vite@7.1.3__picomatch@4.0.3": {
      "integrity": "sha512-tLja5n4dyMhcze1NzvSs2iiriBymfBlDCZIrjMTxb9O2ru0gvmV6mn5oBD2teNw5Sd92cj3YJzKwsAs8tMJXlg==",
      "dependencies": [
        "vite"
      ]
    },
    "@esbuild/aix-ppc64@0.25.9": {
      "integrity": "sha512-OaGtL73Jck6pBKjNIe24BnFE6agGl+6KxDtTfHhy1HmhthfKouEcOhqpSL64K4/0WCtbKFLOdzD/44cJ4k9opA==",
      "os": ["aix"],
      "cpu": ["ppc64"]
    },
    "@esbuild/android-arm64@0.25.9": {
      "integrity": "sha512-IDrddSmpSv51ftWslJMvl3Q2ZT98fUSL2/rlUXuVqRXHCs5EUF1/f+jbjF5+NG9UffUDMCiTyh8iec7u8RlTLg==",
      "os": ["android"],
      "cpu": ["arm64"]
    },
    "@esbuild/android-arm@0.25.9": {
      "integrity": "sha512-5WNI1DaMtxQ7t7B6xa572XMXpHAaI/9Hnhk8lcxF4zVN4xstUgTlvuGDorBguKEnZO70qwEcLpfifMLoxiPqHQ==",
      "os": ["android"],
      "cpu": ["arm"]
    },
    "@esbuild/android-x64@0.25.9": {
      "integrity": "sha512-I853iMZ1hWZdNllhVZKm34f4wErd4lMyeV7BLzEExGEIZYsOzqDWDf+y082izYUE8gtJnYHdeDpN/6tUdwvfiw==",
      "os": ["android"],
      "cpu": ["x64"]
    },
    "@esbuild/darwin-arm64@0.25.9": {
      "integrity": "sha512-XIpIDMAjOELi/9PB30vEbVMs3GV1v2zkkPnuyRRURbhqjyzIINwj+nbQATh4H9GxUgH1kFsEyQMxwiLFKUS6Rg==",
      "os": ["darwin"],
      "cpu": ["arm64"]
    },
    "@esbuild/darwin-x64@0.25.9": {
      "integrity": "sha512-jhHfBzjYTA1IQu8VyrjCX4ApJDnH+ez+IYVEoJHeqJm9VhG9Dh2BYaJritkYK3vMaXrf7Ogr/0MQ8/MeIefsPQ==",
      "os": ["darwin"],
      "cpu": ["x64"]
    },
    "@esbuild/freebsd-arm64@0.25.9": {
      "integrity": "sha512-z93DmbnY6fX9+KdD4Ue/H6sYs+bhFQJNCPZsi4XWJoYblUqT06MQUdBCpcSfuiN72AbqeBFu5LVQTjfXDE2A6Q==",
      "os": ["freebsd"],
      "cpu": ["arm64"]
    },
    "@esbuild/freebsd-x64@0.25.9": {
      "integrity": "sha512-mrKX6H/vOyo5v71YfXWJxLVxgy1kyt1MQaD8wZJgJfG4gq4DpQGpgTB74e5yBeQdyMTbgxp0YtNj7NuHN0PoZg==",
      "os": ["freebsd"],
      "cpu": ["x64"]
    },
    "@esbuild/linux-arm64@0.25.9": {
      "integrity": "sha512-BlB7bIcLT3G26urh5Dmse7fiLmLXnRlopw4s8DalgZ8ef79Jj4aUcYbk90g8iCa2467HX8SAIidbL7gsqXHdRw==",
      "os": ["linux"],
      "cpu": ["arm64"]
    },
    "@esbuild/linux-arm@0.25.9": {
      "integrity": "sha512-HBU2Xv78SMgaydBmdor38lg8YDnFKSARg1Q6AT0/y2ezUAKiZvc211RDFHlEZRFNRVhcMamiToo7bDx3VEOYQw==",
      "os": ["linux"],
      "cpu": ["arm"]
    },
    "@esbuild/linux-ia32@0.25.9": {
      "integrity": "sha512-e7S3MOJPZGp2QW6AK6+Ly81rC7oOSerQ+P8L0ta4FhVi+/j/v2yZzx5CqqDaWjtPFfYz21Vi1S0auHrap3Ma3A==",
      "os": ["linux"],
      "cpu": ["ia32"]
    },
    "@esbuild/linux-loong64@0.25.9": {
      "integrity": "sha512-Sbe10Bnn0oUAB2AalYztvGcK+o6YFFA/9829PhOCUS9vkJElXGdphz0A3DbMdP8gmKkqPmPcMJmJOrI3VYB1JQ==",
      "os": ["linux"],
      "cpu": ["loong64"]
    },
    "@esbuild/linux-mips64el@0.25.9": {
      "integrity": "sha512-YcM5br0mVyZw2jcQeLIkhWtKPeVfAerES5PvOzaDxVtIyZ2NUBZKNLjC5z3/fUlDgT6w89VsxP2qzNipOaaDyA==",
      "os": ["linux"],
      "cpu": ["mips64el"]
    },
    "@esbuild/linux-ppc64@0.25.9": {
      "integrity": "sha512-++0HQvasdo20JytyDpFvQtNrEsAgNG2CY1CLMwGXfFTKGBGQT3bOeLSYE2l1fYdvML5KUuwn9Z8L1EWe2tzs1w==",
      "os": ["linux"],
      "cpu": ["ppc64"]
    },
    "@esbuild/linux-riscv64@0.25.9": {
      "integrity": "sha512-uNIBa279Y3fkjV+2cUjx36xkx7eSjb8IvnL01eXUKXez/CBHNRw5ekCGMPM0BcmqBxBcdgUWuUXmVWwm4CH9kg==",
      "os": ["linux"],
      "cpu": ["riscv64"]
    },
    "@esbuild/linux-s390x@0.25.9": {
      "integrity": "sha512-Mfiphvp3MjC/lctb+7D287Xw1DGzqJPb/J2aHHcHxflUo+8tmN/6d4k6I2yFR7BVo5/g7x2Monq4+Yew0EHRIA==",
      "os": ["linux"],
      "cpu": ["s390x"]
    },
    "@esbuild/linux-x64@0.25.9": {
      "integrity": "sha512-iSwByxzRe48YVkmpbgoxVzn76BXjlYFXC7NvLYq+b+kDjyyk30J0JY47DIn8z1MO3K0oSl9fZoRmZPQI4Hklzg==",
      "os": ["linux"],
      "cpu": ["x64"]
    },
    "@esbuild/netbsd-arm64@0.25.9": {
      "integrity": "sha512-9jNJl6FqaUG+COdQMjSCGW4QiMHH88xWbvZ+kRVblZsWrkXlABuGdFJ1E9L7HK+T0Yqd4akKNa/lO0+jDxQD4Q==",
      "os": ["netbsd"],
      "cpu": ["arm64"]
    },
    "@esbuild/netbsd-x64@0.25.9": {
      "integrity": "sha512-RLLdkflmqRG8KanPGOU7Rpg829ZHu8nFy5Pqdi9U01VYtG9Y0zOG6Vr2z4/S+/3zIyOxiK6cCeYNWOFR9QP87g==",
      "os": ["netbsd"],
      "cpu": ["x64"]
    },
    "@esbuild/openbsd-arm64@0.25.9": {
      "integrity": "sha512-YaFBlPGeDasft5IIM+CQAhJAqS3St3nJzDEgsgFixcfZeyGPCd6eJBWzke5piZuZ7CtL656eOSYKk4Ls2C0FRQ==",
      "os": ["openbsd"],
      "cpu": ["arm64"]
    },
    "@esbuild/openbsd-x64@0.25.9": {
      "integrity": "sha512-1MkgTCuvMGWuqVtAvkpkXFmtL8XhWy+j4jaSO2wxfJtilVCi0ZE37b8uOdMItIHz4I6z1bWWtEX4CJwcKYLcuA==",
      "os": ["openbsd"],
      "cpu": ["x64"]
    },
    "@esbuild/openharmony-arm64@0.25.9": {
      "integrity": "sha512-4Xd0xNiMVXKh6Fa7HEJQbrpP3m3DDn43jKxMjxLLRjWnRsfxjORYJlXPO4JNcXtOyfajXorRKY9NkOpTHptErg==",
      "os": ["openharmony"],
      "cpu": ["arm64"]
    },
    "@esbuild/sunos-x64@0.25.9": {
      "integrity": "sha512-WjH4s6hzo00nNezhp3wFIAfmGZ8U7KtrJNlFMRKxiI9mxEK1scOMAaa9i4crUtu+tBr+0IN6JCuAcSBJZfnphw==",
      "os": ["sunos"],
      "cpu": ["x64"]
    },
    "@esbuild/win32-arm64@0.25.9": {
      "integrity": "sha512-mGFrVJHmZiRqmP8xFOc6b84/7xa5y5YvR1x8djzXpJBSv/UsNK6aqec+6JDjConTgvvQefdGhFDAs2DLAds6gQ==",
      "os": ["win32"],
      "cpu": ["arm64"]
    },
    "@esbuild/win32-ia32@0.25.9": {
      "integrity": "sha512-b33gLVU2k11nVx1OhX3C8QQP6UHQK4ZtN56oFWvVXvz2VkDoe6fbG8TOgHFxEvqeqohmRnIHe5A1+HADk4OQww==",
      "os": ["win32"],
      "cpu": ["ia32"]
    },
    "@esbuild/win32-x64@0.25.9": {
      "integrity": "sha512-PPOl1mi6lpLNQxnGoyAfschAodRFYXJ+9fs6WHXz7CSWKbOqiMZsubC+BQsVKuul+3vKLuwTHsS2c2y9EoKwxQ==",
      "os": ["win32"],
      "cpu": ["x64"]
    },
    "@jridgewell/gen-mapping@0.3.13": {
      "integrity": "sha512-2kkt/7niJ6MgEPxF0bYdQ6etZaA+fQvDcLKckhy1yIQOzaoKjBBjSj63/aLVjYE3qhRt5dvM+uUyfCg6UKCBbA==",
      "dependencies": [
        "@jridgewell/sourcemap-codec",
        "@jridgewell/trace-mapping"
      ]
    },
    "@jridgewell/remapping@2.3.5": {
      "integrity": "sha512-LI9u/+laYG4Ds1TDKSJW2YPrIlcVYOwi2fUC6xB43lueCjgxV4lffOCZCtYFiH6TNOX+tQKXx97T4IKHbhyHEQ==",
      "dependencies": [
        "@jridgewell/gen-mapping",
        "@jridgewell/trace-mapping"
      ]
    },
    "@jridgewell/resolve-uri@3.1.2": {
      "integrity": "sha512-bRISgCIjP20/tbWSPWMEi54QVPRZExkuD9lJL+UIxUKtwVJA8wW1Trb1jMs1RFXo1CBTNZ/5hpC9QvmKWdopKw=="
    },
    "@jridgewell/sourcemap-codec@1.5.5": {
      "integrity": "sha512-cYQ9310grqxueWbl+WuIUIaiUaDcj7WOq5fVhEljNVgRfOUhY9fy2zTvfoqWsnebh8Sl70VScFbICvJnLKB0Og=="
    },
    "@jridgewell/trace-mapping@0.3.30": {
      "integrity": "sha512-GQ7Nw5G2lTu/BtHTKfXhKHok2WGetd4XYcVKGx00SjAk8GMwgJM3zr6zORiPGuOE+/vkc90KtTosSSvaCjKb2Q==",
      "dependencies": [
        "@jridgewell/resolve-uri",
        "@jridgewell/sourcemap-codec"
      ]
    },
    "@monaco-editor/loader@1.5.0": {
      "integrity": "sha512-hKoGSM+7aAc7eRTRjpqAZucPmoNOC4UUbknb/VNoTkEIkCPhqV8LfbsgM1webRM7S/z21eHEx9Fkwx8Z/C/+Xw==",
      "dependencies": [
        "state-local"
      ]
    },
    "@polka/url@1.0.0-next.29": {
      "integrity": "sha512-wwQAWhWSuHaag8c4q/KN/vCoeOJYshAIvMQwD4GpSb3OiZklFfvAgmj0VCBBImRpuF/aFgIRzllXlVX93Jevww=="
    },
    "@rollup/rollup-android-arm-eabi@4.46.4": {
      "integrity": "sha512-B2wfzCJ+ps/OBzRjeds7DlJumCU3rXMxJJS1vzURyj7+KBHGONm7c9q1TfdBl4vCuNMkDvARn3PBl2wZzuR5mw==",
      "os": ["android"],
      "cpu": ["arm"]
    },
    "@rollup/rollup-android-arm-eabi@4.47.1": {
      "integrity": "sha512-lTahKRJip0knffA/GTNFJMrToD+CM+JJ+Qt5kjzBK/sFQ0EWqfKW3AYQSlZXN98tX0lx66083U9JYIMioMMK7g==",
      "os": ["android"],
      "cpu": ["arm"]
    },
    "@rollup/rollup-android-arm64@4.46.4": {
      "integrity": "sha512-FGJYXvYdn8Bs6lAlBZYT5n+4x0ciEp4cmttsvKAZc/c8/JiPaQK8u0c/86vKX8lA7OY/+37lIQSe0YoAImvBAA==",
      "os": ["android"],
      "cpu": ["arm64"]
    },
    "@rollup/rollup-android-arm64@4.47.1": {
      "integrity": "sha512-uqxkb3RJLzlBbh/bbNQ4r7YpSZnjgMgyoEOY7Fy6GCbelkDSAzeiogxMG9TfLsBbqmGsdDObo3mzGqa8hps4MA==",
      "os": ["android"],
      "cpu": ["arm64"]
    },
    "@rollup/rollup-darwin-arm64@4.46.4": {
      "integrity": "sha512-/9qwE/BM7ATw/W/OFEMTm3dmywbJyLQb4f4v5nmOjgYxPIGpw7HaxRi6LnD4Pjn/q7k55FGeHe1/OD02w63apA==",
      "os": ["darwin"],
      "cpu": ["arm64"]
    },
    "@rollup/rollup-darwin-arm64@4.47.1": {
      "integrity": "sha512-tV6reObmxBDS4DDyLzTDIpymthNlxrLBGAoQx6m2a7eifSNEZdkXQl1PE4ZjCkEDPVgNXSzND/k9AQ3mC4IOEQ==",
      "os": ["darwin"],
      "cpu": ["arm64"]
    },
    "@rollup/rollup-darwin-x64@4.46.4": {
      "integrity": "sha512-QkWfNbeRuzFnv2d0aPlrzcA3Ebq2mE8kX/5Pl7VdRShbPBjSnom7dbT8E3Jmhxo2RL784hyqGvR5KHavCJQciw==",
      "os": ["darwin"],
      "cpu": ["x64"]
    },
    "@rollup/rollup-darwin-x64@4.47.1": {
      "integrity": "sha512-XuJRPTnMk1lwsSnS3vYyVMu4x/+WIw1MMSiqj5C4j3QOWsMzbJEK90zG+SWV1h0B1ABGCQ0UZUjti+TQK35uHQ==",
      "os": ["darwin"],
      "cpu": ["x64"]
    },
    "@rollup/rollup-freebsd-arm64@4.46.4": {
      "integrity": "sha512-+ToyOMYnSfV8D+ckxO6NthPln/PDNp1P6INcNypfZ7muLmEvPKXqduUiD8DlJpMMT8LxHcE5W0dK9kXfJke9Zw==",
      "os": ["freebsd"],
      "cpu": ["arm64"]
    },
    "@rollup/rollup-freebsd-arm64@4.47.1": {
      "integrity": "sha512-79BAm8Ag/tmJ5asCqgOXsb3WY28Rdd5Lxj8ONiQzWzy9LvWORd5qVuOnjlqiWWZJw+dWewEktZb5yiM1DLLaHw==",
      "os": ["freebsd"],
      "cpu": ["arm64"]
    },
    "@rollup/rollup-freebsd-x64@4.46.4": {
      "integrity": "sha512-cGT6ey/W+sje6zywbLiqmkfkO210FgRz7tepWAzzEVgQU8Hn91JJmQWNqs55IuglG8sJdzk7XfNgmGRtcYlo1w==",
      "os": ["freebsd"],
      "cpu": ["x64"]
    },
    "@rollup/rollup-freebsd-x64@4.47.1": {
      "integrity": "sha512-OQ2/ZDGzdOOlyfqBiip0ZX/jVFekzYrGtUsqAfLDbWy0jh1PUU18+jYp8UMpqhly5ltEqotc2miLngf9FPSWIA==",
      "os": ["freebsd"],
      "cpu": ["x64"]
    },
    "@rollup/rollup-linux-arm-gnueabihf@4.46.4": {
      "integrity": "sha512-9fhTJyOb275w5RofPSl8lpr4jFowd+H4oQKJ9XTYzD1JWgxdZKE8bA6d4npuiMemkecQOcigX01FNZNCYnQBdA==",
      "os": ["linux"],
      "cpu": ["arm"]
    },
    "@rollup/rollup-linux-arm-gnueabihf@4.47.1": {
      "integrity": "sha512-HZZBXJL1udxlCVvoVadstgiU26seKkHbbAMLg7680gAcMnRNP9SAwTMVet02ANA94kXEI2VhBnXs4e5nf7KG2A==",
      "os": ["linux"],
      "cpu": ["arm"]
    },
    "@rollup/rollup-linux-arm-musleabihf@4.46.4": {
      "integrity": "sha512-+6kCIM5Zjvz2HwPl/udgVs07tPMIp1VU2Y0c72ezjOvSvEfAIWsUgpcSDvnC7g9NrjYR6X9bZT92mZZ90TfvXw==",
      "os": ["linux"],
      "cpu": ["arm"]
    },
    "@rollup/rollup-linux-arm-musleabihf@4.47.1": {
      "integrity": "sha512-sZ5p2I9UA7T950JmuZ3pgdKA6+RTBr+0FpK427ExW0t7n+QwYOcmDTK/aRlzoBrWyTpJNlS3kacgSlSTUg6P/Q==",
      "os": ["linux"],
      "cpu": ["arm"]
    },
    "@rollup/rollup-linux-arm64-gnu@4.46.4": {
      "integrity": "sha512-SWuXdnsayCZL4lXoo6jn0yyAj7TTjWE4NwDVt9s7cmu6poMhtiras5c8h6Ih6Y0Zk6Z+8t/mLumvpdSPTWub2Q==",
      "os": ["linux"],
      "cpu": ["arm64"]
    },
    "@rollup/rollup-linux-arm64-gnu@4.47.1": {
      "integrity": "sha512-3hBFoqPyU89Dyf1mQRXCdpc6qC6At3LV6jbbIOZd72jcx7xNk3aAp+EjzAtN6sDlmHFzsDJN5yeUySvorWeRXA==",
      "os": ["linux"],
      "cpu": ["arm64"]
    },
    "@rollup/rollup-linux-arm64-musl@4.46.4": {
      "integrity": "sha512-vDknMDqtMhrrroa5kyX6tuC0aRZZlQ+ipDfbXd2YGz5HeV2t8HOl/FDAd2ynhs7Ki5VooWiiZcCtxiZ4IjqZwQ==",
      "os": ["linux"],
      "cpu": ["arm64"]
    },
    "@rollup/rollup-linux-arm64-musl@4.47.1": {
      "integrity": "sha512-49J4FnMHfGodJWPw73Ve+/hsPjZgcXQGkmqBGZFvltzBKRS+cvMiWNLadOMXKGnYRhs1ToTGM0sItKISoSGUNA==",
      "os": ["linux"],
      "cpu": ["arm64"]
    },
    "@rollup/rollup-linux-loongarch64-gnu@4.46.4": {
      "integrity": "sha512-mCBkjRZWhvjtl/x+Bd4fQkWZT8canStKDxGrHlBiTnZmJnWygGcvBylzLVCZXka4dco5ymkWhZlLwKCGFF4ivw==",
      "os": ["linux"],
      "cpu": ["loong64"]
    },
    "@rollup/rollup-linux-loongarch64-gnu@4.47.1": {
      "integrity": "sha512-4yYU8p7AneEpQkRX03pbpLmE21z5JNys16F1BZBZg5fP9rIlb0TkeQjn5du5w4agConCCEoYIG57sNxjryHEGg==",
      "os": ["linux"],
      "cpu": ["loong64"]
    },
    "@rollup/rollup-linux-ppc64-gnu@4.46.4": {
      "integrity": "sha512-YMdz2phOTFF+Z66dQfGf0gmeDSi5DJzY5bpZyeg9CPBkV9QDzJ1yFRlmi/j7WWRf3hYIWrOaJj5jsfwgc8GTHQ==",
      "os": ["linux"],
      "cpu": ["ppc64"]
    },
    "@rollup/rollup-linux-ppc64-gnu@4.47.1": {
      "integrity": "sha512-fAiq+J28l2YMWgC39jz/zPi2jqc0y3GSRo1yyxlBHt6UN0yYgnegHSRPa3pnHS5amT/efXQrm0ug5+aNEu9UuQ==",
      "os": ["linux"],
      "cpu": ["ppc64"]
    },
    "@rollup/rollup-linux-riscv64-gnu@4.46.4": {
      "integrity": "sha512-r0WKLSfFAK8ucG024v2yiLSJMedoWvk8yWqfNICX28NHDGeu3F/wBf8KG6mclghx4FsLePxJr/9N8rIj1PtCnw==",
      "os": ["linux"],
      "cpu": ["riscv64"]
    },
    "@rollup/rollup-linux-riscv64-gnu@4.47.1": {
      "integrity": "sha512-daoT0PMENNdjVYYU9xec30Y2prb1AbEIbb64sqkcQcSaR0zYuKkoPuhIztfxuqN82KYCKKrj+tQe4Gi7OSm1ow==",
      "os": ["linux"],
      "cpu": ["riscv64"]
    },
    "@rollup/rollup-linux-riscv64-musl@4.46.4": {
      "integrity": "sha512-IaizpPP2UQU3MNyPH1u0Xxbm73D+4OupL0bjo4Hm0496e2wg3zuvoAIhubkD1NGy9fXILEExPQy87mweujEatA==",
      "os": ["linux"],
      "cpu": ["riscv64"]
    },
    "@rollup/rollup-linux-riscv64-musl@4.47.1": {
      "integrity": "sha512-JNyXaAhWtdzfXu5pUcHAuNwGQKevR+6z/poYQKVW+pLaYOj9G1meYc57/1Xv2u4uTxfu9qEWmNTjv/H/EpAisw==",
      "os": ["linux"],
      "cpu": ["riscv64"]
    },
    "@rollup/rollup-linux-s390x-gnu@4.46.4": {
      "integrity": "sha512-aCM29orANR0a8wk896p6UEgIfupReupnmISz6SUwMIwTGaTI8MuKdE0OD2LvEg8ondDyZdMvnaN3bW4nFbATPA==",
      "os": ["linux"],
      "cpu": ["s390x"]
    },
    "@rollup/rollup-linux-s390x-gnu@4.47.1": {
      "integrity": "sha512-U/CHbqKSwEQyZXjCpY43/GLYcTVKEXeRHw0rMBJP7fP3x6WpYG4LTJWR3ic6TeYKX6ZK7mrhltP4ppolyVhLVQ==",
      "os": ["linux"],
      "cpu": ["s390x"]
    },
    "@rollup/rollup-linux-x64-gnu@4.46.4": {
      "integrity": "sha512-0Xj1vZE3cbr/wda8d/m+UeuSL+TDpuozzdD4QaSzu/xSOMK0Su5RhIkF7KVHFQsobemUNHPLEcYllL7ZTCP/Cg==",
      "os": ["linux"],
      "cpu": ["x64"]
    },
    "@rollup/rollup-linux-x64-gnu@4.47.1": {
      "integrity": "sha512-uTLEakjxOTElfeZIGWkC34u2auLHB1AYS6wBjPGI00bWdxdLcCzK5awjs25YXpqB9lS8S0vbO0t9ZcBeNibA7g==",
      "os": ["linux"],
      "cpu": ["x64"]
    },
    "@rollup/rollup-linux-x64-musl@4.46.4": {
      "integrity": "sha512-kM/orjpolfA5yxsx84kI6bnK47AAZuWxglGKcNmokw2yy9i5eHY5UAjcX45jemTJnfHAWo3/hOoRqEeeTdL5hw==",
      "os": ["linux"],
      "cpu": ["x64"]
    },
    "@rollup/rollup-linux-x64-musl@4.47.1": {
      "integrity": "sha512-Ft+d/9DXs30BK7CHCTX11FtQGHUdpNDLJW0HHLign4lgMgBcPFN3NkdIXhC5r9iwsMwYreBBc4Rho5ieOmKNVQ==",
      "os": ["linux"],
      "cpu": ["x64"]
    },
    "@rollup/rollup-win32-arm64-msvc@4.46.4": {
      "integrity": "sha512-cNLH4psMEsWKILW0isbpQA2OvjXLbKvnkcJFmqAptPQbtLrobiapBJVj6RoIvg6UXVp5w0wnIfd/Q56cNpF+Ew==",
      "os": ["win32"],
      "cpu": ["arm64"]
    },
    "@rollup/rollup-win32-arm64-msvc@4.47.1": {
      "integrity": "sha512-N9X5WqGYzZnjGAFsKSfYFtAShYjwOmFJoWbLg3dYixZOZqU7hdMq+/xyS14zKLhFhZDhP9VfkzQnsdk0ZDS9IA==",
      "os": ["win32"],
      "cpu": ["arm64"]
    },
    "@rollup/rollup-win32-ia32-msvc@4.46.4": {
      "integrity": "sha512-OiEa5lRhiANpv4SfwYVgQ3opYWi/QmPDC5ve21m8G9pf6ZO+aX1g2EEF1/IFaM1xPSP7mK0msTRXlPs6mIagkg==",
      "os": ["win32"],
      "cpu": ["ia32"]
    },
    "@rollup/rollup-win32-ia32-msvc@4.47.1": {
      "integrity": "sha512-O+KcfeCORZADEY8oQJk4HK8wtEOCRE4MdOkb8qGZQNun3jzmj2nmhV/B/ZaaZOkPmJyvm/gW9n0gsB4eRa1eiQ==",
      "os": ["win32"],
      "cpu": ["ia32"]
    },
    "@rollup/rollup-win32-x64-msvc@4.46.4": {
      "integrity": "sha512-IKL9mewGZ5UuuX4NQlwOmxPyqielvkAPUS2s1cl6yWjjQvyN3h5JTdVFGD5Jr5xMjRC8setOfGQDVgX8V+dkjg==",
      "os": ["win32"],
      "cpu": ["x64"]
    },
    "@rollup/rollup-win32-x64-msvc@4.47.1": {
      "integrity": "sha512-CpKnYa8eHthJa3c+C38v/E+/KZyF1Jdh2Cz3DyKZqEWYgrM1IHFArXNWvBLPQCKUEsAqqKX27tTqVEFbDNUcOA==",
      "os": ["win32"],
      "cpu": ["x64"]
    },
    "@standard-schema/spec@1.0.0": {
      "integrity": "sha512-m2bOd0f2RT9k8QJx1JN85cZYyH1RqFBdlwtkSlf4tBDYLCiiZnv1fIIwacK6cqwXavOydf0NPToMQgpKq+dVlA=="
    },
    "@sveltejs/acorn-typescript@1.0.5_acorn@8.15.0": {
      "integrity": "sha512-IwQk4yfwLdibDlrXVE04jTZYlLnwsTT2PIOQQGNLWfjavGifnk1JD1LcZjZaBTRcxZu2FfPfNLOE04DSu9lqtQ==",
      "dependencies": [
        "acorn"
      ]
    },
    "@sveltejs/adapter-static@3.0.9_@sveltejs+kit@2.36.1__@sveltejs+vite-plugin-svelte@6.1.3___svelte@5.38.2____acorn@8.15.0___vite@7.1.3____picomatch@4.0.3__svelte@5.38.2___acorn@8.15.0__vite@7.1.3___picomatch@4.0.3__acorn@8.15.0_@sveltejs+vite-plugin-svelte@6.1.3__svelte@5.38.2___acorn@8.15.0__vite@7.1.3___picomatch@4.0.3_svelte@5.38.2__acorn@8.15.0_vite@7.1.3__picomatch@4.0.3": {
      "integrity": "sha512-aytHXcMi7lb9ljsWUzXYQ0p5X1z9oWud2olu/EpmH7aCu4m84h7QLvb5Wp+CFirKcwoNnYvYWhyP/L8Vh1ztdw==",
      "dependencies": [
        "@sveltejs/kit"
      ]
    },
    "@sveltejs/kit@2.36.1_@sveltejs+vite-plugin-svelte@6.1.3__svelte@5.38.2___acorn@8.15.0__vite@7.1.3___picomatch@4.0.3_svelte@5.38.2__acorn@8.15.0_vite@7.1.3__picomatch@4.0.3_acorn@8.15.0": {
      "integrity": "sha512-dldNCtSIpaGxQMEfHaUxSPH/k3uU28pTZwtKzfkn8fqpOjWufKlMBeIL7FJ/s93dOrhEq41zaQYkXh+XTgEgVw==",
      "dependencies": [
        "@standard-schema/spec",
        "@sveltejs/acorn-typescript",
        "@sveltejs/vite-plugin-svelte",
        "@types/cookie",
        "acorn",
        "cookie",
        "devalue",
        "esm-env",
        "kleur",
        "magic-string",
        "mrmime",
        "sade",
        "set-cookie-parser",
        "sirv",
        "svelte",
        "vite"
      ],
      "bin": true
    },
    "@sveltejs/vite-plugin-svelte-inspector@5.0.1_@sveltejs+vite-plugin-svelte@6.1.3__svelte@5.38.2___acorn@8.15.0__vite@7.1.3___picomatch@4.0.3_svelte@5.38.2__acorn@8.15.0_vite@7.1.3__picomatch@4.0.3": {
      "integrity": "sha512-ubWshlMk4bc8mkwWbg6vNvCeT7lGQojE3ijDh3QTR6Zr/R+GXxsGbyH4PExEPpiFmqPhYiVSVmHBjUcVc1JIrA==",
      "dependencies": [
        "@sveltejs/vite-plugin-svelte",
        "debug",
        "svelte",
        "vite"
      ]
    },
    "@sveltejs/vite-plugin-svelte@6.1.3_svelte@5.38.2__acorn@8.15.0_vite@7.1.3__picomatch@4.0.3": {
      "integrity": "sha512-3pppgIeIZs6nrQLazzKcdnTJ2IWiui/UucEPXKyFG35TKaHQrfkWBnv6hyJcLxFuR90t+LaoecrqTs8rJKWfSQ==",
      "dependencies": [
        "@sveltejs/vite-plugin-svelte-inspector",
        "debug",
        "deepmerge",
        "kleur",
        "magic-string",
        "svelte",
        "vite",
        "vitefu"
      ]
    },
    "@tauri-apps/api@2.8.0": {
      "integrity": "sha512-ga7zdhbS2GXOMTIZRT0mYjKJtR9fivsXzsyq5U3vjDL0s6DTMwYRm0UHNjzTY5dh4+LSC68Sm/7WEiimbQNYlw=="
    },
    "@tauri-apps/cli-darwin-arm64@2.8.1": {
      "integrity": "sha512-301XWcDozcvJ79uMRquSvgI4vvAxetFs+reMpBI1U5mSWixjUqxZjxs9UDJAtE+GFXdGYTjSLUxCKe5WBDKZ/A==",
      "os": ["darwin"],
      "cpu": ["arm64"]
    },
    "@tauri-apps/cli-darwin-x64@2.8.1": {
      "integrity": "sha512-fJpOD/jWNy3sn27mjPGexBxGPTCgoCu29C+7qBV8kKJQGrRB4/zJk2zMqcKMjV/1Dma47n+saQWXLFwGpRUHgQ==",
      "os": ["darwin"],
      "cpu": ["x64"]
    },
    "@tauri-apps/cli-linux-arm-gnueabihf@2.8.1": {
      "integrity": "sha512-BcrZiInB3xjdV/Q2yv88aAz4Ajrxomd1+oePUO8ZWVpdhFwMZaAAOMbpPVgrlanGBeSzU7Aim9i1Opz/+JYiDA==",
      "os": ["linux"],
      "cpu": ["arm"]
    },
    "@tauri-apps/cli-linux-arm64-gnu@2.8.1": {
      "integrity": "sha512-uZXaQrcdk55h4qWSe3pngg6LMUwVUIoluxXG/cmKHeq8LddlUdKpj3OaSPahLWip1Ol6hq14ysvywzsrdhM4kA==",
      "os": ["linux"],
      "cpu": ["arm64"]
    },
    "@tauri-apps/cli-linux-arm64-musl@2.8.1": {
      "integrity": "sha512-VK/zwBzQY9SfyK7RSrxlIRQLJyhyssoByYWPK/FJMre8SV/y8zZ071cTQNG9dPWM1f+onI1WPTleG+TBUq/0Gw==",
      "os": ["linux"],
      "cpu": ["arm64"]
    },
    "@tauri-apps/cli-linux-riscv64-gnu@2.8.1": {
      "integrity": "sha512-bFw3zK6xkyurDR5kw2QgiU6YFlFNrfgtli3wRdTRv8zSVLZMQ2iZ8keYnd57vpvsbZ9PusFPYAMS7Fkzkf9I4g==",
      "os": ["linux"],
      "cpu": ["riscv64"]
    },
    "@tauri-apps/cli-linux-x64-gnu@2.8.1": {
      "integrity": "sha512-zOnFX+Rppuz0UVVSeCi67lMet8le+yT4UIiQ6t/QYGtpoWO/D4GpMoVYehJlR14klNXrC2CRxT9b3BUWTCEBwA==",
      "os": ["linux"],
      "cpu": ["x64"]
    },
    "@tauri-apps/cli-linux-x64-musl@2.8.1": {
      "integrity": "sha512-gLy6eisaeOTC6NQirs3a0XZNCVT/i7JPYHkXx6ArH6+Kb9IU8ogthTY4MQoYbkWmdOp3ijKX+RT1dD3IZURrEg==",
      "os": ["linux"],
      "cpu": ["x64"]
    },
    "@tauri-apps/cli-win32-arm64-msvc@2.8.1": {
      "integrity": "sha512-ciZ93Dm847zFDqRyc1e0YRiu/cdWne1bMhvifcZOibbyqSKB9o+b95Y5axMtXqR4Wsd2mHiC5TE+MVF3NDsdEw==",
      "os": ["win32"],
      "cpu": ["arm64"]
    },
    "@tauri-apps/cli-win32-ia32-msvc@2.8.1": {
      "integrity": "sha512-uWUa503Pw53XidUvcqWOvVsBY7vpQs+ZlTyQgXSnPuTiMF1l5bFEzqoHMvZfIL3MFG13xCAqVK1bR7lFB/6qMQ==",
      "os": ["win32"],
      "cpu": ["ia32"]
    },
    "@tauri-apps/cli-win32-x64-msvc@2.8.1": {
      "integrity": "sha512-KmiT0vI7FMBWfk5YDQg7+WcjzuMdeaHOQ7H0podZ7lyJg2qo2DpbGp8y+fMVCRsmvQx5bW6Cyh1ArfO1kkUInA==",
      "os": ["win32"],
      "cpu": ["x64"]
    },
    "@tauri-apps/cli@2.8.1": {
      "integrity": "sha512-ONVAfI7PFUO6MdSq9dh2YwlIb1cAezrzqrWw2+TChVskoqzDyyzncU7yXlcph/H/nR/kNDEY3E1pC8aV3TVCNQ==",
      "optionalDependencies": [
        "@tauri-apps/cli-darwin-arm64",
        "@tauri-apps/cli-darwin-x64",
        "@tauri-apps/cli-linux-arm-gnueabihf",
        "@tauri-apps/cli-linux-arm64-gnu",
        "@tauri-apps/cli-linux-arm64-musl",
        "@tauri-apps/cli-linux-riscv64-gnu",
        "@tauri-apps/cli-linux-x64-gnu",
        "@tauri-apps/cli-linux-x64-musl",
        "@tauri-apps/cli-win32-arm64-msvc",
        "@tauri-apps/cli-win32-ia32-msvc",
        "@tauri-apps/cli-win32-x64-msvc"
      ],
      "bin": true
    },
    "@tauri-apps/plugin-opener@2.5.0": {
      "integrity": "sha512-B0LShOYae4CZjN8leiNDbnfjSrTwoZakqKaWpfoH6nXiJwt6Rgj6RnVIffG3DoJiKsffRhMkjmBV9VeilSb4TA==",
      "dependencies": [
        "@tauri-apps/api"
      ]
    },
    "@types/cookie@0.6.0": {
      "integrity": "sha512-4Kh9a6B2bQciAhf7FSuMRRkUWecJgJu9nPnx3yzpsfXX/c50REIqpHY4C82bXP90qrLtXtkDxTZosYO3UpOwlA=="
    },
    "@types/estree@1.0.8": {
      "integrity": "sha512-dWHzHa2WqEXI/O1E9OjrocMTKJl2mSrEolh1Iomrv6U+JuNwaHXsXx9bLu5gG7BUWFIN0skIQJQ/L1rIex4X6w=="
    },
    "acorn@8.15.0": {
      "integrity": "sha512-NZyJarBfL7nWwIq+FDL6Zp/yHEhePMNnnJ0y3qfieCrmNvYct8uvtiV41UvlSe6apAfk0fY1FbWx+NwfmpvtTg==",
      "bin": true
    },
    "aria-query@5.3.2": {
      "integrity": "sha512-COROpnaoap1E2F000S62r6A60uHZnmlvomhfyT2DlTcrY1OrBKn2UhH7qn5wTC9zMvD0AY7csdPSNwKP+7WiQw=="
    },
    "axobject-query@4.1.0": {
      "integrity": "sha512-qIj0G9wZbMGNLjLmg1PT6v2mE9AH2zlnADJD/2tC6E00hgmhUOfEB6greHPAfLRSufHqROIUTkw6E+M3lH0PTQ=="
    },
    "chokidar@4.0.3": {
      "integrity": "sha512-Qgzu8kfBvo+cA4962jnP1KkS6Dop5NS6g7R5LFYJr4b8Ub94PPQXUksCw9PvXoeXPRRddRNC5C1JQUR2SMGtnA==",
      "dependencies": [
        "readdirp"
      ]
    },
    "clsx@2.1.1": {
      "integrity": "sha512-eYm0QWBtUrBWZWG0d386OGAw16Z995PiOVo2B7bjWSbHedGl5e0ZWaq65kOGgUSNesEIDkB9ISbTg/JK9dhCZA=="
    },
    "cookie@0.6.0": {
      "integrity": "sha512-U71cyTamuh1CRNCfpGY6to28lxvNwPG4Guz/EVjgf3Jmzv0vlDp1atT9eS5dDjMYHucpHbWns6Lwf3BKz6svdw=="
    },
    "debug@4.4.1": {
      "integrity": "sha512-KcKCqiftBJcZr++7ykoDIEwSa3XWowTfNPo92BYxjXiyYEVrUQh2aLyhxBCwww+heortUFxEJYcRzosstTEBYQ==",
      "dependencies": [
        "ms"
      ]
    },
    "deepmerge@4.3.1": {
      "integrity": "sha512-3sUqbMEc77XqpdNO7FRyRog+eW3ph+GYCbj+rK+uYyRMuwsVy0rMiVtPn+QJlKFvWP/1PYpapqYn0Me2knFn+A=="
    },
    "devalue@5.1.1": {
      "integrity": "sha512-maua5KUiapvEwiEAe+XnlZ3Rh0GD+qI1J/nb9vrJc3muPXvcF/8gXYTWF76+5DAqHyDUtOIImEuo0YKE9mshVw=="
    },
    "esbuild@0.25.9": {
      "integrity": "sha512-CRbODhYyQx3qp7ZEwzxOk4JBqmD/seJrzPa/cGjY1VtIn5E09Oi9/dB4JwctnfZ8Q8iT7rioVv5k/FNT/uf54g==",
      "optionalDependencies": [
        "@esbuild/aix-ppc64",
        "@esbuild/android-arm",
        "@esbuild/android-arm64",
        "@esbuild/android-x64",
        "@esbuild/darwin-arm64",
        "@esbuild/darwin-x64",
        "@esbuild/freebsd-arm64",
        "@esbuild/freebsd-x64",
        "@esbuild/linux-arm",
        "@esbuild/linux-arm64",
        "@esbuild/linux-ia32",
        "@esbuild/linux-loong64",
        "@esbuild/linux-mips64el",
        "@esbuild/linux-ppc64",
        "@esbuild/linux-riscv64",
        "@esbuild/linux-s390x",
        "@esbuild/linux-x64",
        "@esbuild/netbsd-arm64",
        "@esbuild/netbsd-x64",
        "@esbuild/openbsd-arm64",
        "@esbuild/openbsd-x64",
        "@esbuild/openharmony-arm64",
        "@esbuild/sunos-x64",
        "@esbuild/win32-arm64",
        "@esbuild/win32-ia32",
        "@esbuild/win32-x64"
      ],
      "scripts": true,
      "bin": true
    },
    "esm-env@1.2.2": {
      "integrity": "sha512-Epxrv+Nr/CaL4ZcFGPJIYLWFom+YeV1DqMLHJoEd9SYRxNbaFruBwfEX/kkHUJf55j2+TUbmDcmuilbP1TmXHA=="
    },
    "esrap@2.1.0": {
      "integrity": "sha512-yzmPNpl7TBbMRC5Lj2JlJZNPml0tzqoqP5B1JXycNUwtqma9AKCO0M2wHrdgsHcy1WRW7S9rJknAMtByg3usgA==",
      "dependencies": [
        "@jridgewell/sourcemap-codec"
      ]
    },
    "fast-plist@0.1.3": {
      "integrity": "sha512-d9cEfo/WcOezgPLAC/8t8wGb6YOD6JTCPMw2QcG2nAdFmyY+9rTUizCTaGjIZAloWENTEUMAPpkUAIJJJ0i96A=="
    },
    "fdir@6.5.0_picomatch@4.0.3": {
      "integrity": "sha512-tIbYtZbucOs0BRGqPJkshJUYdL+SDH7dVM8gjy+ERp3WAUjLEFJE+02kanyHtwjWOnwrKYBiwAmM0p4kLJAnXg==",
      "dependencies": [
        "picomatch"
      ],
      "optionalPeers": [
        "picomatch"
      ]
    },
    "fsevents@2.3.3": {
      "integrity": "sha512-5xoDfX+fL7faATnagmWPpbFtwh/R77WmMMqqHGS65C3vvB0YHrgF+B1YmZ3441tMj5n63k0212XNoJwzlhffQw==",
      "os": ["darwin"],
      "scripts": true
    },
    "is-reference@3.0.3": {
      "integrity": "sha512-ixkJoqQvAP88E6wLydLGGqCJsrFUnqoH6HnaczB8XmDH1oaWU+xxdptvikTgaEhtZ53Ky6YXiBuUI2WXLMCwjw==",
      "dependencies": [
        "@types/estree"
      ]
    },
    "kleur@4.1.5": {
      "integrity": "sha512-o+NO+8WrRiQEE4/7nwRJhN1HWpVmJm511pBHUxPLtp0BUISzlBplORYSmTclCnJvQq2tKu/sgl3xVpkc7ZWuQQ=="
    },
    "locate-character@3.0.0": {
      "integrity": "sha512-SW13ws7BjaeJ6p7Q6CO2nchbYEc3X3J6WrmTTDto7yMPqVSZTUyY5Tjbid+Ab8gLnATtygYtiDIJGQRRn2ZOiA=="
    },
    "magic-string@0.30.17": {
      "integrity": "sha512-sNPKHvyjVf7gyjwS4xGTaW/mCnF8wnjtifKBEhxfZ7E/S8tQ0rssrwGNn6q8JH/ohItJfSQp9mBtQYuTlH5QnA==",
      "dependencies": [
        "@jridgewell/sourcemap-codec"
      ]
    },
    "monaco-editor@0.52.2": {
      "integrity": "sha512-GEQWEZmfkOGLdd3XK8ryrfWz3AIP8YymVXiPHEdewrUq7mh0qrKrfHLNCXcbB6sTnMLnOZ3ztSiKcciFUkIJwQ=="
    },
    "monaco-themes@0.4.6": {
      "integrity": "sha512-g8E1CNT6bRyinPSQxVnNrs5b12zmKBpA83l3MEyOETr+KvoyUP4SS1AfHxyxaFBnLiyuyRwoPO4+R4PvzCJzPw==",
      "dependencies": [
        "fast-plist"
      ]
    },
    "mri@1.2.0": {
      "integrity": "sha512-tzzskb3bG8LvYGFF/mDTpq3jpI6Q9wc3LEmBaghu+DdCssd1FakN7Bc0hVNmEyGq1bq3RgfkCb3cmQLpNPOroA=="
    },
    "mrmime@2.0.1": {
      "integrity": "sha512-Y3wQdFg2Va6etvQ5I82yUhGdsKrcYox6p7FfL1LbK2J4V01F9TGlepTIhnK24t7koZibmg82KGglhA1XK5IsLQ=="
    },
    "ms@2.1.3": {
      "integrity": "sha512-6FlzubTLZG3J2a/NVCAleEhjzq5oxgHyaCU9yYXvcLsvoVaHJq/s5xXI6/XXP6tz7R9xAOtHnSO/tXtF3WRTlA=="
    },
    "nanoid@3.3.11": {
      "integrity": "sha512-N8SpfPUnUp1bK+PMYW8qSWdl9U+wwNWI4QKxOYDy9JAro3WMX7p2OeVRF9v+347pnakNevPmiHhNmZ2HbFA76w==",
      "bin": true
    },
    "picocolors@1.1.1": {
      "integrity": "sha512-xceH2snhtb5M9liqDsmEw56le376mTZkEX/jEb/RxNFyegNul7eNslCXP9FDj/Lcu0X8KEyMceP2ntpaHrDEVA=="
    },
    "picomatch@4.0.3": {
      "integrity": "sha512-5gTmgEY/sqK6gFXLIsQNH19lWb4ebPDLA4SdLP7dsWkIXHWlG66oPuVvXSGFPppYZz8ZDZq0dYYrbHfBCVUb1Q=="
    },
    "postcss@8.5.6": {
      "integrity": "sha512-3Ybi1tAuwAP9s0r1UQ2J4n5Y0G05bJkpUIO0/bI9MhwmD70S5aTWbXGBwxHrelT+XM1k6dM0pk+SwNkpTRN7Pg==",
      "dependencies": [
        "nanoid",
        "picocolors",
        "source-map-js"
      ]
    },
    "readdirp@4.1.2": {
      "integrity": "sha512-GDhwkLfywWL2s6vEjyhri+eXmfH6j1L7JE27WhqLeYzoh/A3DBaYGEj2H/HFZCn/kMfim73FXxEJTw06WtxQwg=="
    },
    "rollup@4.47.1": {
      "integrity": "sha512-iasGAQoZ5dWDzULEUX3jiW0oB1qyFOepSyDyoU6S/OhVlDIwj5knI5QBa5RRQ0sK7OE0v+8VIi2JuV+G+3tfNg==",
      "dependencies": [
        "@types/estree"
      ],
      "optionalDependencies": [
        "@rollup/rollup-android-arm-eabi@4.47.1",
        "@rollup/rollup-android-arm64@4.47.1",
        "@rollup/rollup-darwin-arm64@4.47.1",
        "@rollup/rollup-darwin-x64@4.47.1",
        "@rollup/rollup-freebsd-arm64@4.47.1",
        "@rollup/rollup-freebsd-x64@4.47.1",
        "@rollup/rollup-linux-arm-gnueabihf@4.47.1",
        "@rollup/rollup-linux-arm-musleabihf@4.47.1",
        "@rollup/rollup-linux-arm64-gnu@4.47.1",
        "@rollup/rollup-linux-arm64-musl@4.47.1",
        "@rollup/rollup-linux-loongarch64-gnu@4.47.1",
        "@rollup/rollup-linux-ppc64-gnu@4.47.1",
        "@rollup/rollup-linux-riscv64-gnu@4.47.1",
        "@rollup/rollup-linux-riscv64-musl@4.47.1",
        "@rollup/rollup-linux-s390x-gnu@4.47.1",
        "@rollup/rollup-linux-x64-gnu@4.47.1",
        "@rollup/rollup-linux-x64-musl@4.47.1",
        "@rollup/rollup-win32-arm64-msvc@4.47.1",
        "@rollup/rollup-win32-ia32-msvc@4.47.1",
        "@rollup/rollup-win32-x64-msvc@4.47.1",
        "fsevents"
      ],
      "bin": true
    },
    "sade@1.8.1": {
      "integrity": "sha512-xal3CZX1Xlo/k4ApwCFrHVACi9fBqJ7V+mwhBsuf/1IOKbBy098Fex+Wa/5QMubw09pSZ/u8EY8PWgevJsXp1A==",
      "dependencies": [
        "mri"
      ]
    },
    "set-cookie-parser@2.7.1": {
      "integrity": "sha512-IOc8uWeOZgnb3ptbCURJWNjWUPcO3ZnTTdzsurqERrP6nPyv+paC55vJM0LpOlT2ne+Ix+9+CRG1MNLlyZ4GjQ=="
    },
    "sirv@3.0.1": {
      "integrity": "sha512-FoqMu0NCGBLCcAkS1qA+XJIQTR6/JHfQXl+uGteNCQ76T91DMUjPa9xfmeqMY3z80nLSg9yQmNjK0Px6RWsH/A==",
      "dependencies": [
        "@polka/url",
        "mrmime",
        "totalist"
      ]
    },
    "smol-toml@1.4.2": {
      "integrity": "sha512-rInDH6lCNiEyn3+hH8KVGFdbjc099j47+OSgbMrfDYX1CmXLfdKd7qi6IfcWj2wFxvSVkuI46M+wPGYfEOEj6g=="
    },
    "source-map-js@1.2.1": {
      "integrity": "sha512-UXWMKhLOwVKb728IUtQPXxfYU+usdybtUrK/8uGE8CQMvrhOpwvzDBwj0QhSL7MQc7vIsISBG8VQ8+IDQxpfQA=="
    },
    "state-local@1.0.7": {
      "integrity": "sha512-HTEHMNieakEnoe33shBYcZ7NX83ACUjCu8c40iOGEZsngj9zRnkqS9j1pqQPXwobB0ZcVTk27REb7COQ0UR59w=="
    },
    "svelte-check@4.3.1_svelte@5.38.2__acorn@8.15.0_typescript@5.9.2": {
      "integrity": "sha512-lkh8gff5gpHLjxIV+IaApMxQhTGnir2pNUAqcNgeKkvK5bT/30Ey/nzBxNLDlkztCH4dP7PixkMt9SWEKFPBWg==",
      "dependencies": [
        "@jridgewell/trace-mapping",
        "chokidar",
        "fdir",
        "picocolors",
        "sade",
        "svelte",
        "typescript"
      ],
      "bin": true
    },
    "svelte-monaco@1.0.4_monaco-editor@0.52.2_svelte@5.38.2__acorn@8.15.0": {
      "integrity": "sha512-lVfUSSnoFBAlcJFQghxv8Mgt42lEx0ZdBiGAC5DZN98sPvLohkg1ql8dJbcAov3YFqnO/seYRVDcviY9VmHJyA==",
      "dependencies": [
        "@monaco-editor/loader",
        "monaco-editor",
        "monaco-themes",
        "svelte"
      ]
    },
    "svelte@5.38.2_acorn@8.15.0": {
      "integrity": "sha512-iAcp/oFAWauVSGILdD67n7DiwgLHXZzWZIdzl7araRxu72jUr7PFAo2Iie7gXt0IbnlYvhxCb9GT3ZJUquO3PA==",
      "dependencies": [
        "@jridgewell/remapping",
        "@jridgewell/sourcemap-codec",
        "@sveltejs/acorn-typescript",
        "@types/estree",
        "acorn",
        "aria-query",
        "axobject-query",
        "clsx",
        "esm-env",
        "esrap",
        "is-reference",
        "locate-character",
        "magic-string",
        "zimmerframe"
      ]
    },
    "tinyglobby@0.2.14_picomatch@4.0.3": {
      "integrity": "sha512-tX5e7OM1HnYr2+a2C/4V0htOcSQcoSTH9KgJnVvNm5zm/cyEWKJ7j7YutsH9CxMdtOkkLFy2AHrMci9IM8IPZQ==",
      "dependencies": [
        "fdir",
        "picomatch"
      ]
    },
    "totalist@3.0.1": {
      "integrity": "sha512-sf4i37nQ2LBx4m3wB74y+ubopq6W/dIzXg0FDGjsYnZHVa1Da8FH853wlL2gtUhg+xJXjfk3kUZS3BRoQeoQBQ=="
    },
    "typescript@5.9.2": {
      "integrity": "sha512-CWBzXQrc/qOkhidw1OzBTQuYRbfyxDXJMVJ1XNwUHGROVmuaeiEm3OslpZ1RV96d7SKKjZKrSJu3+t/xlw3R9A==",
      "bin": true
    },
    "vite@7.1.3_picomatch@4.0.3": {
      "integrity": "sha512-OOUi5zjkDxYrKhTV3V7iKsoS37VUM7v40+HuwEmcrsf11Cdx9y3DIr2Px6liIcZFwt3XSRpQvFpL3WVy7ApkGw==",
      "dependencies": [
        "esbuild",
        "fdir",
        "picomatch",
        "postcss",
        "rollup",
        "tinyglobby"
      ],
      "optionalDependencies": [
        "fsevents"
      ],
      "bin": true
    },
    "vitefu@1.1.1_vite@7.1.3__picomatch@4.0.3": {
      "integrity": "sha512-B/Fegf3i8zh0yFbpzZ21amWzHmuNlLlmJT6n7bu5e+pCHUKQIfXSYokrqOBGEMMe9UG2sostKQF9mml/vYaWJQ==",
      "dependencies": [
        "vite"
      ],
      "optionalPeers": [
        "vite"
      ]
    },
    "zimmerframe@1.1.2": {
      "integrity": "sha512-rAbqEGa8ovJy4pyBxZM70hg4pE6gDgaQ0Sl9M3enG3I0d6H4XSAM3GeNGLKnsBpuijUow064sf7ww1nutC5/3w=="
    },
    "zod@4.0.17": {
      "integrity": "sha512-1PHjlYRevNxxdy2JZ8JcNAw7rX8V9P1AKkP+x/xZfxB0K5FYfuV+Ug6P/6NVSR2jHQ+FzDDoDHS04nYUsOIyLQ=="
    }
  },
  "workspace": {
    "dependencies": [
      "npm:@deno/vite-plugin@^1.0.5",
      "npm:@sveltejs/adapter-static@^3.0.9",
      "npm:@sveltejs/kit@^2.36.1",
      "npm:@sveltejs/vite-plugin-svelte@^6.1.3",
      "npm:@tauri-apps/api@^2.8.0",
      "npm:@tauri-apps/cli@^2.8.1",
      "npm:@tauri-apps/plugin-opener@^2.5.0",
      "npm:smol-toml@^1.4.2",
      "npm:svelte-check@^4.3.1",
      "npm:svelte-monaco@^1.0.4",
      "npm:svelte@^5.38.2",
      "npm:typescript@^5.9.2",
      "npm:vite@^7.1.3",
      "npm:zod@^4.0.17"
    ]
  }
}
